Microsoft Visual Studio Solution File, Format Version 12.00
# Visual Studio Version 16
VisualStudioVersion = 16.0.30406.217
MinimumVisualStudioVersion = 15.0.26124.0
Project("{9A19103F-16F7-4668-BE54-9A1E7A4F7556}") = "DancingGoatCore", "DancingGoatCore\DancingGoatCore.csproj", "{AEDC9E54-E322-4683-9FD3-118E411CBE18}"
EndProject
Project("{FAE04EC0-301F-11D3-BF4B-00C04F79EFBC}") = "Xperience.Recombee.Recommendation.Content", "Xperience.Recombee.Recommendation.Content\Xperience.Recombee.Recommendation.Content.csproj", "{46A1D4F5-680B-462C-8896-AA98214CE9EC}"
EndProject
Global
	GlobalSection(SolutionConfigurationPlatforms) = preSolution
		Debug|Any CPU = Debug|Any CPU
		Debug|x64 = Debug|x64
		Debug|x86 = Debug|x86
		Release|Any CPU = Release|Any CPU
		Release|x64 = Release|x64
		Release|x86 = Release|x86
	EndGlobalSection
	GlobalSection(ProjectConfigurationPlatforms) = postSolution
		{AEDC9E54-E322-4683-9FD3-118E411CBE18}.Debug|Any CPU.ActiveCfg = Debug|Any CPU
		{AEDC9E54-E322-4683-9FD3-118E411CBE18}.Debug|Any CPU.Build.0 = Debug|Any CPU
		{AEDC9E54-E322-4683-9FD3-118E411CBE18}.Debug|x64.ActiveCfg = Debug|Any CPU
		{AEDC9E54-E322-4683-9FD3-118E411CBE18}.Debug|x64.Build.0 = Debug|Any CPU
		{AEDC9E54-E322-4683-9FD3-118E411CBE18}.Debug|x86.ActiveCfg = Debug|Any CPU
		{AEDC9E54-E322-4683-9FD3-118E411CBE18}.Debug|x86.Build.0 = Debug|Any CPU
		{AEDC9E54-E322-4683-9FD3-118E411CBE18}.Release|Any CPU.ActiveCfg = Release|Any CPU
		{AEDC9E54-E322-4683-9FD3-118E411CBE18}.Release|Any CPU.Build.0 = Release|Any CPU
		{AEDC9E54-E322-4683-9FD3-118E411CBE18}.Release|x64.ActiveCfg = Release|Any CPU
		{AEDC9E54-E322-4683-9FD3-118E411CBE18}.Release|x64.Build.0 = Release|Any CPU
		{AEDC9E54-E322-4683-9FD3-118E411CBE18}.Release|x86.ActiveCfg = Release|Any CPU
		{AEDC9E54-E322-4683-9FD3-118E411CBE18}.Release|x86.Build.0 = Release|Any CPU
		{46A1D4F5-680B-462C-8896-AA98214CE9EC}.Debug|Any CPU.ActiveCfg = Debug|Any CPU
		{46A1D4F5-680B-462C-8896-AA98214CE9EC}.Debug|Any CPU.Build.0 = Debug|Any CPU
		{46A1D4F5-680B-462C-8896-AA98214CE9EC}.Debug|x64.ActiveCfg = Debug|Any CPU
		{46A1D4F5-680B-462C-8896-AA98214CE9EC}.Debug|x64.Build.0 = Debug|Any CPU
		{46A1D4F5-680B-462C-8896-AA98214CE9EC}.Debug|x86.ActiveCfg = Debug|Any CPU
		{46A1D4F5-680B-462C-8896-AA98214CE9EC}.Debug|x86.Build.0 = Debug|Any CPU
		{46A1D4F5-680B-462C-8896-AA98214CE9EC}.Release|Any CPU.ActiveCfg = Release|Any CPU
		{46A1D4F5-680B-462C-8896-AA98214CE9EC}.Release|Any CPU.Build.0 = Release|Any CPU
		{46A1D4F5-680B-462C-8896-AA98214CE9EC}.Release|x64.ActiveCfg = Release|Any CPU
		{46A1D4F5-680B-462C-8896-AA98214CE9EC}.Release|x64.Build.0 = Release|Any CPU
		{46A1D4F5-680B-462C-8896-AA98214CE9EC}.Release|x86.ActiveCfg = Release|Any CPU
		{46A1D4F5-680B-462C-8896-AA98214CE9EC}.Release|x86.Build.0 = Release|Any CPU
	EndGlobalSection
	GlobalSection(SolutionProperties) = preSolution
		HideSolutionNode = FALSE
	EndGlobalSection
	GlobalSection(ExtensibilityGlobals) = postSolution
		SolutionGuid = {8AE69F4A-90C0-41B0-B3A1-F1ABC08EA13C}
	EndGlobalSection
EndGlobal
