Microsoft Visual Studio Solution File, Format Version 12.00
# Visual Studio Version 16
VisualStudioVersion = 16.0.30406.217
MinimumVisualStudioVersion = 15.0.26124.0
Project("{9A19103F-16F7-4668-BE54-9A1E7A4F7556}") = "DancingGoatCore", "DancingGoatCore\DancingGoatCore.csproj", "{AEDC9E54-E322-4683-9FD3-118E411CBE18}"
EndProject
Project("{9A19103F-16F7-4668-BE54-9A1E7A4F7556}") = "Kentico.Xperience.Recombee", "Kentico.Xperience.Recombee\Kentico.Xperience.Recombee.csproj", "{F04B02DC-53CD-4A00-B43E-6EE1584492A5}"
EndProject
Global
	GlobalSection(SolutionConfigurationPlatforms) = preSolution
		Debug|Any CPU = Debug|Any CPU
		Debug|x64 = Debug|x64
		Debug|x86 = Debug|x86
		Release|Any CPU = Release|Any CPU
		Release|x64 = Release|x64
		Release|x86 = Release|x86
	EndGlobalSection
	GlobalSection(ProjectConfigurationPlatforms) = postSolution
		{AEDC9E54-E322-4683-9FD3-118E411CBE18}.Debug|Any CPU.ActiveCfg = Debug|Any CPU
		{AEDC9E54-E322-4683-9FD3-118E411CBE18}.Debug|Any CPU.Build.0 = Debug|Any CPU
		{AEDC9E54-E322-4683-9FD3-118E411CBE18}.Debug|x64.ActiveCfg = Debug|Any CPU
		{AEDC9E54-E322-4683-9FD3-118E411CBE18}.Debug|x64.Build.0 = Debug|Any CPU
		{AEDC9E54-E322-4683-9FD3-118E411CBE18}.Debug|x86.ActiveCfg = Debug|Any CPU
		{AEDC9E54-E322-4683-9FD3-118E411CBE18}.Debug|x86.Build.0 = Debug|Any CPU
		{AEDC9E54-E322-4683-9FD3-118E411CBE18}.Release|Any CPU.ActiveCfg = Release|Any CPU
		{AEDC9E54-E322-4683-9FD3-118E411CBE18}.Release|Any CPU.Build.0 = Release|Any CPU
		{AEDC9E54-E322-4683-9FD3-118E411CBE18}.Release|x64.ActiveCfg = Release|Any CPU
		{AEDC9E54-E322-4683-9FD3-118E411CBE18}.Release|x64.Build.0 = Release|Any CPU
		{AEDC9E54-E322-4683-9FD3-118E411CBE18}.Release|x86.ActiveCfg = Release|Any CPU
		{AEDC9E54-E322-4683-9FD3-118E411CBE18}.Release|x86.Build.0 = Release|Any CPU
		{F04B02DC-53CD-4A00-B43E-6EE1584492A5}.Debug|Any CPU.ActiveCfg = Debug|Any CPU
		{F04B02DC-53CD-4A00-B43E-6EE1584492A5}.Debug|Any CPU.Build.0 = Debug|Any CPU
		{F04B02DC-53CD-4A00-B43E-6EE1584492A5}.Debug|x64.ActiveCfg = Debug|Any CPU
		{F04B02DC-53CD-4A00-B43E-6EE1584492A5}.Debug|x64.Build.0 = Debug|Any CPU
		{F04B02DC-53CD-4A00-B43E-6EE1584492A5}.Debug|x86.ActiveCfg = Debug|Any CPU
		{F04B02DC-53CD-4A00-B43E-6EE1584492A5}.Debug|x86.Build.0 = Debug|Any CPU
		{F04B02DC-53CD-4A00-B43E-6EE1584492A5}.Release|Any CPU.ActiveCfg = Release|Any CPU
		{F04B02DC-53CD-4A00-B43E-6EE1584492A5}.Release|Any CPU.Build.0 = Release|Any CPU
		{F04B02DC-53CD-4A00-B43E-6EE1584492A5}.Release|x64.ActiveCfg = Release|Any CPU
		{F04B02DC-53CD-4A00-B43E-6EE1584492A5}.Release|x64.Build.0 = Release|Any CPU
		{F04B02DC-53CD-4A00-B43E-6EE1584492A5}.Release|x86.ActiveCfg = Release|Any CPU
		{F04B02DC-53CD-4A00-B43E-6EE1584492A5}.Release|x86.Build.0 = Release|Any CPU
	EndGlobalSection
	GlobalSection(SolutionProperties) = preSolution
		HideSolutionNode = FALSE
	EndGlobalSection
	GlobalSection(ExtensibilityGlobals) = postSolution
		SolutionGuid = {8AE69F4A-90C0-41B0-B3A1-F1ABC08EA13C}
	EndGlobalSection
EndGlobal
