Microsoft Visual Studio Solution File, Format Version 12.00
# Visual Studio Version 16
VisualStudioVersion = 16.0.30406.217
MinimumVisualStudioVersion = 10.0.40219.1
Project("{FAE04EC0-301F-11D3-BF4B-00C04F79EFBC}") = "CMSApp", "CMS\CMSApp.csproj", "{BB8817AE-48DF-4672-A1CB-CFB7441B88DA}"
EndProject
Project("{9A19103F-16F7-4668-BE54-9A1E7A4F7556}") = "Xperience.Recombee.Recommendation.Content.Admin", "Xperience.Recombee.Recommendation.Content.Admin\Xperience.Recombee.Recommendation.Content.Admin.csproj", "{145AA712-DDC1-4A40-AC14-F6D7527ED5BB}"
EndProject
Project("{FAE04EC0-301F-11D3-BF4B-00C04F79EFBC}") = "Xperience.Recombee.Recommendation.Content.Admin.SampleConfiguration", "Xperience.Recombee.Recommendation.Content.Admin.SampleConfiguration\Xperience.Recombee.Recommendation.Content.Admin.SampleConfiguration.csproj", "{C9CFE005-BCCA-45CC-8A38-2F931FB4A0CD}"
EndProject
Global
	GlobalSection(SolutionConfigurationPlatforms) = preSolution
		Debug|Any CPU = Debug|Any CPU
		Release|Any CPU = Release|Any CPU
	EndGlobalSection
	GlobalSection(ProjectConfigurationPlatforms) = postSolution
		{BB8817AE-48DF-4672-A1CB-CFB7441B88DA}.Debug|Any CPU.ActiveCfg = Debug|Any CPU
		{BB8817AE-48DF-4672-A1CB-CFB7441B88DA}.Debug|Any CPU.Build.0 = Debug|Any CPU
		{BB8817AE-48DF-4672-A1CB-CFB7441B88DA}.Release|Any CPU.ActiveCfg = Release|Any CPU
		{BB8817AE-48DF-4672-A1CB-CFB7441B88DA}.Release|Any CPU.Build.0 = Release|Any CPU
		{145AA712-DDC1-4A40-AC14-F6D7527ED5BB}.Debug|Any CPU.ActiveCfg = Debug|Any CPU
		{145AA712-DDC1-4A40-AC14-F6D7527ED5BB}.Debug|Any CPU.Build.0 = Debug|Any CPU
		{145AA712-DDC1-4A40-AC14-F6D7527ED5BB}.Release|Any CPU.ActiveCfg = Release|Any CPU
		{145AA712-DDC1-4A40-AC14-F6D7527ED5BB}.Release|Any CPU.Build.0 = Release|Any CPU
		{C9CFE005-BCCA-45CC-8A38-2F931FB4A0CD}.Debug|Any CPU.ActiveCfg = Debug|Any CPU
		{C9CFE005-BCCA-45CC-8A38-2F931FB4A0CD}.Debug|Any CPU.Build.0 = Debug|Any CPU
		{C9CFE005-BCCA-45CC-8A38-2F931FB4A0CD}.Release|Any CPU.ActiveCfg = Release|Any CPU
		{C9CFE005-BCCA-45CC-8A38-2F931FB4A0CD}.Release|Any CPU.Build.0 = Release|Any CPU
	EndGlobalSection
	GlobalSection(SolutionProperties) = preSolution
		HideSolutionNode = FALSE
	EndGlobalSection
	GlobalSection(ExtensibilityGlobals) = postSolution
		SolutionGuid = {198DCBC3-0068-49F6-833A-B695CA4BA6A8}
	EndGlobalSection
EndGlobal
